
Microsoft Visual Studio Solution File, Format Version 12.00
# Visual Studio 15
VisualStudioVersion = 15.0.28307.1705
MinimumVisualStudioVersion = 10.0.40219.1
Project("{FAE04EC0-301F-11D3-BF4B-00C04F79EFBC}") = "Observer", "Observer\Observer.csproj", "{B0E712E2-9AB5-469B-96E1-F70B8B8A9333}"
EndProject
Project("{FAE04EC0-301F-11D3-BF4B-00C04F79EFBC}") = "ConsoleApp1", "ConsoleApp1\ConsoleApp1.csproj", "{DBB15D5F-1C22-4A90-87BA-108D8848C9D2}"
EndProject
Global
	GlobalSection(SolutionConfigurationPlatforms) = preSolution
		Debug|Any CPU = Debug|Any CPU
		Release|Any CPU = Release|Any CPU
	EndGlobalSection
	GlobalSection(ProjectConfigurationPlatforms) = postSolution
		{B0E712E2-9AB5-469B-96E1-F70B8B8A9333}.Debug|Any CPU.ActiveCfg = Debug|Any CPU
		{B0E712E2-9AB5-469B-96E1-F70B8B8A9333}.Debug|Any CPU.Build.0 = Debug|Any CPU
		{B0E712E2-9AB5-469B-96E1-F70B8B8A9333}.Release|Any CPU.ActiveCfg = Release|Any CPU
		{B0E712E2-9AB5-469B-96E1-F70B8B8A9333}.Release|Any CPU.Build.0 = Release|Any CPU
		{DBB15D5F-1C22-4A90-87BA-108D8848C9D2}.Debug|Any CPU.ActiveCfg = Debug|Any CPU
		{DBB15D5F-1C22-4A90-87BA-108D8848C9D2}.Debug|Any CPU.Build.0 = Debug|Any CPU
		{DBB15D5F-1C22-4A90-87BA-108D8848C9D2}.Release|Any CPU.ActiveCfg = Release|Any CPU
		{DBB15D5F-1C22-4A90-87BA-108D8848C9D2}.Release|Any CPU.Build.0 = Release|Any CPU
	EndGlobalSection
	GlobalSection(SolutionProperties) = preSolution
		HideSolutionNode = FALSE
	EndGlobalSection
	GlobalSection(ExtensibilityGlobals) = postSolution
		SolutionGuid = {2A7223EC-58B5-43CF-80A0-EFA6EDFAC750}
	EndGlobalSection
EndGlobal
